
Microsoft Visual Studio Solution File, Format Version 12.00
# Visual Studio 15
VisualStudioVersion = 15.0.26403.7
MinimumVisualStudioVersion = 10.0.40219.1
Project("{FAE04EC0-301F-11D3-BF4B-00C04F79EFBC}") = "DataAppTemplate.Web", "DataAppTemplate.Web\DataAppTemplate.Web.csproj", "{D1EAF0FA-68F5-41E3-AB17-CC754F4AF31D}"
EndProject
Project("{2150E333-8FDC-42A3-9474-1A3956D46DE8}") = "01-Libs", "01-Libs", "{EB882CAF-DC6E-4269-90C0-8058750E2A97}"
EndProject
Project("{2150E333-8FDC-42A3-9474-1A3956D46DE8}") = "00-UI", "00-UI", "{2687C618-BA3B-4533-98B0-8C638CC4F2B5}"
EndProject
Project("{FAE04EC0-301F-11D3-BF4B-00C04F79EFBC}") = "DataAppTemplate.DAL", "DataAppTemplate.DAL\DataAppTemplate.DAL.csproj", "{19530B1F-C019-4894-AED7-63DC23DD8D17}"
EndProject
Project("{FAE04EC0-301F-11D3-BF4B-00C04F79EFBC}") = "DataAppTemplate.BServices", "DataAppTemplate.BServices\DataAppTemplate.BServices.csproj", "{F29E880C-28D1-455E-9D7B-1A3A134A3738}"
EndProject
Global
	GlobalSection(SolutionConfigurationPlatforms) = preSolution
		Debug|Any CPU = Debug|Any CPU
		Release|Any CPU = Release|Any CPU
	EndGlobalSection
	GlobalSection(ProjectConfigurationPlatforms) = postSolution
		{D1EAF0FA-68F5-41E3-AB17-CC754F4AF31D}.Debug|Any CPU.ActiveCfg = Debug|Any CPU
		{D1EAF0FA-68F5-41E3-AB17-CC754F4AF31D}.Debug|Any CPU.Build.0 = Debug|Any CPU
		{D1EAF0FA-68F5-41E3-AB17-CC754F4AF31D}.Release|Any CPU.ActiveCfg = Release|Any CPU
		{D1EAF0FA-68F5-41E3-AB17-CC754F4AF31D}.Release|Any CPU.Build.0 = Release|Any CPU
		{19530B1F-C019-4894-AED7-63DC23DD8D17}.Debug|Any CPU.ActiveCfg = Debug|Any CPU
		{19530B1F-C019-4894-AED7-63DC23DD8D17}.Debug|Any CPU.Build.0 = Debug|Any CPU
		{19530B1F-C019-4894-AED7-63DC23DD8D17}.Release|Any CPU.ActiveCfg = Release|Any CPU
		{19530B1F-C019-4894-AED7-63DC23DD8D17}.Release|Any CPU.Build.0 = Release|Any CPU
		{F29E880C-28D1-455E-9D7B-1A3A134A3738}.Debug|Any CPU.ActiveCfg = Debug|Any CPU
		{F29E880C-28D1-455E-9D7B-1A3A134A3738}.Debug|Any CPU.Build.0 = Debug|Any CPU
		{F29E880C-28D1-455E-9D7B-1A3A134A3738}.Release|Any CPU.ActiveCfg = Release|Any CPU
		{F29E880C-28D1-455E-9D7B-1A3A134A3738}.Release|Any CPU.Build.0 = Release|Any CPU
	EndGlobalSection
	GlobalSection(SolutionProperties) = preSolution
		HideSolutionNode = FALSE
	EndGlobalSection
	GlobalSection(NestedProjects) = preSolution
		{D1EAF0FA-68F5-41E3-AB17-CC754F4AF31D} = {2687C618-BA3B-4533-98B0-8C638CC4F2B5}
		{19530B1F-C019-4894-AED7-63DC23DD8D17} = {EB882CAF-DC6E-4269-90C0-8058750E2A97}
		{F29E880C-28D1-455E-9D7B-1A3A134A3738} = {EB882CAF-DC6E-4269-90C0-8058750E2A97}
	EndGlobalSection
EndGlobal
